
Microsoft Visual Studio Solution File, Format Version 12.00
# Visual Studio Version 16
VisualStudioVersion = 16.0.30011.22
MinimumVisualStudioVersion = 10.0.40219.1
Project("{9A19103F-16F7-4668-BE54-9A1E7A4F7556}") = "Dependencies.Analyser.Base", "Dependencies.Analyser.Base\Dependencies.Analyser.Base.csproj", "{2D541260-DB6F-4D3A-8EC0-64D3DB04E9A5}"
EndProject
Project("{9A19103F-16F7-4668-BE54-9A1E7A4F7556}") = "Dependencies.Analyser.Mono", "Dependencies.Analyser.Mono\Dependencies.Analyser.Mono.csproj", "{E8236E67-F7B3-46A4-9615-2642F03B190F}"
EndProject
Project("{9A19103F-16F7-4668-BE54-9A1E7A4F7556}") = "Dependencies.Analyser.Microsoft", "Dependencies.Analyser.Microsoft\Dependencies.Analyser.Microsoft.csproj", "{3DA06AA0-16A5-42B0-A997-6118E5F7C1AD}"
EndProject
Project("{8BC9CEB8-8B4A-11D0-8D11-00A0C91BC942}") = "Dependencies.ApiSetMap", "Dependencies.ApiSetMap\Dependencies.ApiSetMap.vcxproj", "{E775563F-C3B2-47F0-B5A2-97F951D9B6F0}"
EndProject
Project("{9A19103F-16F7-4668-BE54-9A1E7A4F7556}") = "Dependencies.Analyser.Native", "Dependencies.Analyser.Native\Dependencies.Analyser.Native.csproj", "{02EF658D-FCEC-4502-AFDE-AAE8A2E93752}"
EndProject
Project("{8BC9CEB8-8B4A-11D0-8D11-00A0C91BC942}") = "Dependencies.ApiSetMap.Interop", "Dependencies.ApiSetMap.Interop\Dependencies.ApiSetMap.Interop.vcxproj", "{CBF7143B-6F8B-4F4D-8900-5E8968CCE1D9}"
EndProject
Project("{2150E333-8FDC-42A3-9474-1A3956D46DE8}") = "Solution Items", "Solution Items", "{90BD2251-19A9-449A-9EF0-FDB2CF156608}"
	ProjectSection(SolutionItems) = preProject
		.editorconfig = .editorconfig
		Directory.Build.props = Directory.Build.props
	EndProjectSection
EndProject
Project("{2150E333-8FDC-42A3-9474-1A3956D46DE8}") = "Tests", "Tests", "{BB0D1502-E969-47F8-A2BE-8772783FB6C3}"
EndProject
Project("{9A19103F-16F7-4668-BE54-9A1E7A4F7556}") = "Dependencies.Analyser.Native.UnitTests", "Tests\Dependencies.Analyser.Native.UnitTests\Dependencies.Analyser.Native.UnitTests.csproj", "{16804525-B59F-4419-ABBF-B04EFC764099}"
EndProject
Global
	GlobalSection(SolutionConfigurationPlatforms) = preSolution
		Debug|Any CPU = Debug|Any CPU
		Release|Any CPU = Release|Any CPU
	EndGlobalSection
	GlobalSection(ProjectConfigurationPlatforms) = postSolution
		{2D541260-DB6F-4D3A-8EC0-64D3DB04E9A5}.Debug|Any CPU.ActiveCfg = Debug|Any CPU
		{2D541260-DB6F-4D3A-8EC0-64D3DB04E9A5}.Debug|Any CPU.Build.0 = Debug|Any CPU
		{2D541260-DB6F-4D3A-8EC0-64D3DB04E9A5}.Release|Any CPU.ActiveCfg = Release|Any CPU
		{2D541260-DB6F-4D3A-8EC0-64D3DB04E9A5}.Release|Any CPU.Build.0 = Release|Any CPU
		{E8236E67-F7B3-46A4-9615-2642F03B190F}.Debug|Any CPU.ActiveCfg = Debug|Any CPU
		{E8236E67-F7B3-46A4-9615-2642F03B190F}.Debug|Any CPU.Build.0 = Debug|Any CPU
		{E8236E67-F7B3-46A4-9615-2642F03B190F}.Release|Any CPU.ActiveCfg = Release|Any CPU
		{E8236E67-F7B3-46A4-9615-2642F03B190F}.Release|Any CPU.Build.0 = Release|Any CPU
		{3DA06AA0-16A5-42B0-A997-6118E5F7C1AD}.Debug|Any CPU.ActiveCfg = Debug|Any CPU
		{3DA06AA0-16A5-42B0-A997-6118E5F7C1AD}.Debug|Any CPU.Build.0 = Debug|Any CPU
		{3DA06AA0-16A5-42B0-A997-6118E5F7C1AD}.Release|Any CPU.ActiveCfg = Release|Any CPU
		{3DA06AA0-16A5-42B0-A997-6118E5F7C1AD}.Release|Any CPU.Build.0 = Release|Any CPU
		{E775563F-C3B2-47F0-B5A2-97F951D9B6F0}.Debug|Any CPU.ActiveCfg = Debug|x64
		{E775563F-C3B2-47F0-B5A2-97F951D9B6F0}.Debug|Any CPU.Build.0 = Debug|x64
		{E775563F-C3B2-47F0-B5A2-97F951D9B6F0}.Release|Any CPU.ActiveCfg = Release|x64
		{E775563F-C3B2-47F0-B5A2-97F951D9B6F0}.Release|Any CPU.Build.0 = Release|x64
		{02EF658D-FCEC-4502-AFDE-AAE8A2E93752}.Debug|Any CPU.ActiveCfg = Debug|x64
		{02EF658D-FCEC-4502-AFDE-AAE8A2E93752}.Debug|Any CPU.Build.0 = Debug|x64
		{02EF658D-FCEC-4502-AFDE-AAE8A2E93752}.Release|Any CPU.ActiveCfg = Release|x64
		{CBF7143B-6F8B-4F4D-8900-5E8968CCE1D9}.Debug|Any CPU.ActiveCfg = Debug|x64
		{CBF7143B-6F8B-4F4D-8900-5E8968CCE1D9}.Debug|Any CPU.Build.0 = Debug|x64
		{CBF7143B-6F8B-4F4D-8900-5E8968CCE1D9}.Release|Any CPU.ActiveCfg = Release|x64
		{CBF7143B-6F8B-4F4D-8900-5E8968CCE1D9}.Release|Any CPU.Build.0 = Release|x64
		{16804525-B59F-4419-ABBF-B04EFC764099}.Debug|Any CPU.ActiveCfg = Debug|x64
		{16804525-B59F-4419-ABBF-B04EFC764099}.Debug|Any CPU.Build.0 = Debug|x64
		{16804525-B59F-4419-ABBF-B04EFC764099}.Release|Any CPU.ActiveCfg = Release|x64
	EndGlobalSection
	GlobalSection(SolutionProperties) = preSolution
		HideSolutionNode = FALSE
	EndGlobalSection
	GlobalSection(NestedProjects) = preSolution
		{16804525-B59F-4419-ABBF-B04EFC764099} = {BB0D1502-E969-47F8-A2BE-8772783FB6C3}
	EndGlobalSection
	GlobalSection(ExtensibilityGlobals) = postSolution
		SolutionGuid = {19455A40-0461-41F7-87EF-A4F61B7C1CC5}
	EndGlobalSection
EndGlobal
